
Microsoft Visual Studio Solution File, Format Version 12.00
# Visual Studio Version 17
VisualStudioVersion = 17.14.36414.22
MinimumVisualStudioVersion = 10.0.40219.1
Project("{2150E333-8FDC-42A3-9474-1A3956D46DE8}") = "Task1", "Task1", "{AD6F550E-2C3D-412B-ACC7-72747002F031}"
EndProject
Project("{FAE04EC0-301F-11D3-BF4B-00C04F79EFBC}") = "Tyuiu.BukinTK.Sprint0.Task1.V0", "Tyuiu.BukinTK.Sprint0.Task1.V0\Tyuiu.BukinTK.Sprint0.Task1.V0.csproj", "{B6C91CB1-9D26-45F2-B6C7-BCB308C31A57}"
EndProject
Project("{2150E333-8FDC-42A3-9474-1A3956D46DE8}") = "Task0", "Task0", "{02EA681E-C7D8-13C7-8484-4AC65E1B71E8}"
EndProject
Project("{FAE04EC0-301F-11D3-BF4B-00C04F79EFBC}") = "Tyuiu.BukinTK.Sprint0.Task0.V0", "Tyuiu.BukinTK.Sprint0.Task0.V0\Tyuiu.BukinTK.Sprint0.Task0.V0.csproj", "{7F1F2952-8B3E-41EA-8D37-8139C6581590}"
EndProject
Project("{2150E333-8FDC-42A3-9474-1A3956D46DE8}") = "Task2", "Task2", "{B0EB1D5E-A466-41C0-A8D6-97AC82730C19}"
EndProject
Project("{FAE04EC0-301F-11D3-BF4B-00C04F79EFBC}") = "Tyuiu.BukinTK.Sprint0.Task2.V0", "Tyuiu.BukinTk.Sprint0.Task2.V0\Tyuiu.BukinTK.Sprint0.Task2.V0.csproj", "{F640CFA9-E778-46FF-8613-B001F43E0697}"
EndProject
Project("{FAE04EC0-301F-11D3-BF4B-00C04F79EFBC}") = "Tyuiu.BukinTK.Sprint0.Task2.V0.Lib", "Tyuiu.BukinTK.Sprint0.Task2.V0.Lib\Tyuiu.BukinTK.Sprint0.Task2.V0.Lib.csproj", "{6840AA09-637D-4951-BEC1-7EBAF88D0C32}"
EndProject
Project("{FAE04EC0-301F-11D3-BF4B-00C04F79EFBC}") = "Tyuiu.BukinTK.Sprint0.Task2.V0.Test", "Tyuiu.BukinTK.Sprint0.Task2.V0.Test\Tyuiu.BukinTK.Sprint0.Task2.V0.Test.csproj", "{D2302AB1-D914-4A6C-B917-65BBDB430762}"
EndProject
Project("{2150E333-8FDC-42A3-9474-1A3956D46DE8}") = "Task3", "Task3", "{5856A663-C623-4370-A256-AD207BFA992A}"
EndProject
Project("{FAE04EC0-301F-11D3-BF4B-00C04F79EFBC}") = "Tyuiu.BukinTK.Sprint0.Task3.V0", "Tyuiu.BukinTK.Sprint0.Task3.V0\Tyuiu.BukinTK.Sprint0.Task3.V0.csproj", "{EE76E95A-0612-417E-91DB-6EBFA858A7C1}"
EndProject
Project("{FAE04EC0-301F-11D3-BF4B-00C04F79EFBC}") = "Tyuiu.BukinTK.Sprint0.Task3.V0.Lib", "Tyuiu.BukinTK.Sprint0.Task3.V0.Lib\Tyuiu.BukinTK.Sprint0.Task3.V0.Lib.csproj", "{CEBC7A61-981F-4B42-9824-C4B5C9D9A84B}"
EndProject
Project("{FAE04EC0-301F-11D3-BF4B-00C04F79EFBC}") = "Tyuiu.BukinTK.Sprint0.Task3.V0.Test", "Tyuiu.BukinTK.Sprint0.Task3.V0.Test\Tyuiu.BukinTK.Sprint0.Task3.V0.Test.csproj", "{13A7A0CC-7708-4115-8F69-73E0293BBABF}"
EndProject
Project("{2150E333-8FDC-42A3-9474-1A3956D46DE8}") = "Task4", "Task4", "{82C2AE2E-89E5-4F94-A440-5BDBA4F06BD9}"
EndProject
Project("{FAE04EC0-301F-11D3-BF4B-00C04F79EFBC}") = "Tyuiu.BukinTK.Sprint0.Task4.V0", "Tyuiu.BukinTK.Sprint0.Task4.V0\Tyuiu.BukinTK.Sprint0.Task4.V0.csproj", "{8AC43761-72E0-4EF7-81A2-03C960E55A2C}"
EndProject
Project("{FAE04EC0-301F-11D3-BF4B-00C04F79EFBC}") = "Tyuiu.BukinTK.Sprint0.Task4.V0.Test", "Tyuiu.BukinTK.Sprint0.Task4.V0.Test\Tyuiu.BukinTK.Sprint0.Task4.V0.Test.csproj", "{0222A8C4-AC3E-4BF0-AB66-6AD3B1956B30}"
EndProject
Project("{FAE04EC0-301F-11D3-BF4B-00C04F79EFBC}") = "Tyuiu.BukinTK.Sprint0.Task4.V0.Lib", "Tyuiu.BukinTK.Sprint0.Task4.V0.Lib\Tyuiu.BukinTK.Sprint0.Task4.V0.Lib.csproj", "{B13DAD58-4B89-41A8-9AB6-52EDF8FA155F}"
EndProject
Project("{2150E333-8FDC-42A3-9474-1A3956D46DE8}") = "Task5", "Task5", "{BA43203C-AA0B-43D2-9BB0-DF55F9600249}"
EndProject
Project("{FAE04EC0-301F-11D3-BF4B-00C04F79EFBC}") = "Tyuiu.BukinTK.Sprint0.Task5.V0", "Tyuiu.BukinTK.Sprint0.Task5.V0\Tyuiu.BukinTK.Sprint0.Task5.V0.csproj", "{C8260B65-51AF-45E0-9703-425B1282C34D}"
EndProject
Project("{FAE04EC0-301F-11D3-BF4B-00C04F79EFBC}") = "Tyuiu.BukinTK.Sprint0.Task5.V0.Lib", "Tyuiu.BukinTK.Sprint0.Task5.V0.Lib\Tyuiu.BukinTK.Sprint0.Task5.V0.Lib.csproj", "{E703F6FB-20B5-46F2-B0CE-481BFDCB2D94}"
EndProject
Project("{FAE04EC0-301F-11D3-BF4B-00C04F79EFBC}") = "Tyuiu.BukinTK.Sprint0.Task5.V0.Test", "Tyuiu.BukinTK.Sprint0.Task5.V0.Test\Tyuiu.BukinTK.Sprint0.Task5.V0.Test.csproj", "{3864F66A-0CA2-4D50-9596-D767CED8E2A6}"
EndProject
Project("{2150E333-8FDC-42A3-9474-1A3956D46DE8}") = "Task6", "Task6", "{1BFD58C6-F019-44EA-9636-988330CD5806}"
EndProject
Project("{FAE04EC0-301F-11D3-BF4B-00C04F79EFBC}") = "Tyuiu.BukinTK.Sprint0.Task6.V0", "Tyuiu.BukinTK.Sprint0.Task6.V0\Tyuiu.BukinTK.Sprint0.Task6.V0.csproj", "{6BD16703-0148-49BF-AC27-A2CBCD7CF0EE}"
EndProject
Project("{FAE04EC0-301F-11D3-BF4B-00C04F79EFBC}") = "Tyuiu.BukinTK.Sprint0.Task6.V0.Lib", "Tyuiu.BukinTK.Sprint0.Task6.V0.Lib\Tyuiu.BukinTK.Sprint0.Task6.V0.Lib.csproj", "{AACAB4E8-F4FD-448D-9888-5E711FE0CCB2}"
EndProject
Project("{FAE04EC0-301F-11D3-BF4B-00C04F79EFBC}") = "Tyuiu.BukinTK.Sprint0.Task6.V0.Test", "Tyuiu.BukinTK.Sprint0.Task6.V0.Test\Tyuiu.BukinTK.Sprint0.Task6.V0.Test.csproj", "{B4521A62-509A-4A83-843B-FC553ECB7C42}"
EndProject
Global
	GlobalSection(SolutionConfigurationPlatforms) = preSolution
		Debug|Any CPU = Debug|Any CPU
		Release|Any CPU = Release|Any CPU
	EndGlobalSection
	GlobalSection(ProjectConfigurationPlatforms) = postSolution
		{B6C91CB1-9D26-45F2-B6C7-BCB308C31A57}.Debug|Any CPU.ActiveCfg = Debug|Any CPU
		{B6C91CB1-9D26-45F2-B6C7-BCB308C31A57}.Debug|Any CPU.Build.0 = Debug|Any CPU
		{B6C91CB1-9D26-45F2-B6C7-BCB308C31A57}.Release|Any CPU.ActiveCfg = Release|Any CPU
		{B6C91CB1-9D26-45F2-B6C7-BCB308C31A57}.Release|Any CPU.Build.0 = Release|Any CPU
		{7F1F2952-8B3E-41EA-8D37-8139C6581590}.Debug|Any CPU.ActiveCfg = Debug|Any CPU
		{7F1F2952-8B3E-41EA-8D37-8139C6581590}.Debug|Any CPU.Build.0 = Debug|Any CPU
		{7F1F2952-8B3E-41EA-8D37-8139C6581590}.Release|Any CPU.ActiveCfg = Release|Any CPU
		{7F1F2952-8B3E-41EA-8D37-8139C6581590}.Release|Any CPU.Build.0 = Release|Any CPU
		{F640CFA9-E778-46FF-8613-B001F43E0697}.Debug|Any CPU.ActiveCfg = Debug|Any CPU
		{F640CFA9-E778-46FF-8613-B001F43E0697}.Debug|Any CPU.Build.0 = Debug|Any CPU
		{F640CFA9-E778-46FF-8613-B001F43E0697}.Release|Any CPU.ActiveCfg = Release|Any CPU
		{F640CFA9-E778-46FF-8613-B001F43E0697}.Release|Any CPU.Build.0 = Release|Any CPU
		{6840AA09-637D-4951-BEC1-7EBAF88D0C32}.Debug|Any CPU.ActiveCfg = Debug|Any CPU
		{6840AA09-637D-4951-BEC1-7EBAF88D0C32}.Debug|Any CPU.Build.0 = Debug|Any CPU
		{6840AA09-637D-4951-BEC1-7EBAF88D0C32}.Release|Any CPU.ActiveCfg = Release|Any CPU
		{6840AA09-637D-4951-BEC1-7EBAF88D0C32}.Release|Any CPU.Build.0 = Release|Any CPU
		{D2302AB1-D914-4A6C-B917-65BBDB430762}.Debug|Any CPU.ActiveCfg = Debug|Any CPU
		{D2302AB1-D914-4A6C-B917-65BBDB430762}.Debug|Any CPU.Build.0 = Debug|Any CPU
		{D2302AB1-D914-4A6C-B917-65BBDB430762}.Release|Any CPU.ActiveCfg = Release|Any CPU
		{D2302AB1-D914-4A6C-B917-65BBDB430762}.Release|Any CPU.Build.0 = Release|Any CPU
		{EE76E95A-0612-417E-91DB-6EBFA858A7C1}.Debug|Any CPU.ActiveCfg = Debug|Any CPU
		{EE76E95A-0612-417E-91DB-6EBFA858A7C1}.Debug|Any CPU.Build.0 = Debug|Any CPU
		{EE76E95A-0612-417E-91DB-6EBFA858A7C1}.Release|Any CPU.ActiveCfg = Release|Any CPU
		{EE76E95A-0612-417E-91DB-6EBFA858A7C1}.Release|Any CPU.Build.0 = Release|Any CPU
		{CEBC7A61-981F-4B42-9824-C4B5C9D9A84B}.Debug|Any CPU.ActiveCfg = Debug|Any CPU
		{CEBC7A61-981F-4B42-9824-C4B5C9D9A84B}.Debug|Any CPU.Build.0 = Debug|Any CPU
		{CEBC7A61-981F-4B42-9824-C4B5C9D9A84B}.Release|Any CPU.ActiveCfg = Release|Any CPU
		{CEBC7A61-981F-4B42-9824-C4B5C9D9A84B}.Release|Any CPU.Build.0 = Release|Any CPU
		{13A7A0CC-7708-4115-8F69-73E0293BBABF}.Debug|Any CPU.ActiveCfg = Debug|Any CPU
		{13A7A0CC-7708-4115-8F69-73E0293BBABF}.Debug|Any CPU.Build.0 = Debug|Any CPU
		{13A7A0CC-7708-4115-8F69-73E0293BBABF}.Release|Any CPU.ActiveCfg = Release|Any CPU
		{13A7A0CC-7708-4115-8F69-73E0293BBABF}.Release|Any CPU.Build.0 = Release|Any CPU
		{8AC43761-72E0-4EF7-81A2-03C960E55A2C}.Debug|Any CPU.ActiveCfg = Debug|Any CPU
		{8AC43761-72E0-4EF7-81A2-03C960E55A2C}.Debug|Any CPU.Build.0 = Debug|Any CPU
		{8AC43761-72E0-4EF7-81A2-03C960E55A2C}.Release|Any CPU.ActiveCfg = Release|Any CPU
		{8AC43761-72E0-4EF7-81A2-03C960E55A2C}.Release|Any CPU.Build.0 = Release|Any CPU
		{0222A8C4-AC3E-4BF0-AB66-6AD3B1956B30}.Debug|Any CPU.ActiveCfg = Debug|Any CPU
		{0222A8C4-AC3E-4BF0-AB66-6AD3B1956B30}.Debug|Any CPU.Build.0 = Debug|Any CPU
		{0222A8C4-AC3E-4BF0-AB66-6AD3B1956B30}.Release|Any CPU.ActiveCfg = Release|Any CPU
		{0222A8C4-AC3E-4BF0-AB66-6AD3B1956B30}.Release|Any CPU.Build.0 = Release|Any CPU
		{B13DAD58-4B89-41A8-9AB6-52EDF8FA155F}.Debug|Any CPU.ActiveCfg = Debug|Any CPU
		{B13DAD58-4B89-41A8-9AB6-52EDF8FA155F}.Debug|Any CPU.Build.0 = Debug|Any CPU
		{B13DAD58-4B89-41A8-9AB6-52EDF8FA155F}.Release|Any CPU.ActiveCfg = Release|Any CPU
		{B13DAD58-4B89-41A8-9AB6-52EDF8FA155F}.Release|Any CPU.Build.0 = Release|Any CPU
		{C8260B65-51AF-45E0-9703-425B1282C34D}.Debug|Any CPU.ActiveCfg = Debug|Any CPU
		{C8260B65-51AF-45E0-9703-425B1282C34D}.Debug|Any CPU.Build.0 = Debug|Any CPU
		{C8260B65-51AF-45E0-9703-425B1282C34D}.Release|Any CPU.ActiveCfg = Release|Any CPU
		{C8260B65-51AF-45E0-9703-425B1282C34D}.Release|Any CPU.Build.0 = Release|Any CPU
		{E703F6FB-20B5-46F2-B0CE-481BFDCB2D94}.Debug|Any CPU.ActiveCfg = Debug|Any CPU
		{E703F6FB-20B5-46F2-B0CE-481BFDCB2D94}.Debug|Any CPU.Build.0 = Debug|Any CPU
		{E703F6FB-20B5-46F2-B0CE-481BFDCB2D94}.Release|Any CPU.ActiveCfg = Release|Any CPU
		{E703F6FB-20B5-46F2-B0CE-481BFDCB2D94}.Release|Any CPU.Build.0 = Release|Any CPU
		{3864F66A-0CA2-4D50-9596-D767CED8E2A6}.Debug|Any CPU.ActiveCfg = Debug|Any CPU
		{3864F66A-0CA2-4D50-9596-D767CED8E2A6}.Debug|Any CPU.Build.0 = Debug|Any CPU
		{3864F66A-0CA2-4D50-9596-D767CED8E2A6}.Release|Any CPU.ActiveCfg = Release|Any CPU
		{3864F66A-0CA2-4D50-9596-D767CED8E2A6}.Release|Any CPU.Build.0 = Release|Any CPU
		{6BD16703-0148-49BF-AC27-A2CBCD7CF0EE}.Debug|Any CPU.ActiveCfg = Debug|Any CPU
		{6BD16703-0148-49BF-AC27-A2CBCD7CF0EE}.Debug|Any CPU.Build.0 = Debug|Any CPU
		{6BD16703-0148-49BF-AC27-A2CBCD7CF0EE}.Release|Any CPU.ActiveCfg = Release|Any CPU
		{6BD16703-0148-49BF-AC27-A2CBCD7CF0EE}.Release|Any CPU.Build.0 = Release|Any CPU
		{AACAB4E8-F4FD-448D-9888-5E711FE0CCB2}.Debug|Any CPU.ActiveCfg = Debug|Any CPU
		{AACAB4E8-F4FD-448D-9888-5E711FE0CCB2}.Debug|Any CPU.Build.0 = Debug|Any CPU
		{AACAB4E8-F4FD-448D-9888-5E711FE0CCB2}.Release|Any CPU.ActiveCfg = Release|Any CPU
		{AACAB4E8-F4FD-448D-9888-5E711FE0CCB2}.Release|Any CPU.Build.0 = Release|Any CPU
		{B4521A62-509A-4A83-843B-FC553ECB7C42}.Debug|Any CPU.ActiveCfg = Debug|Any CPU
		{B4521A62-509A-4A83-843B-FC553ECB7C42}.Debug|Any CPU.Build.0 = Debug|Any CPU
		{B4521A62-509A-4A83-843B-FC553ECB7C42}.Release|Any CPU.ActiveCfg = Release|Any CPU
		{B4521A62-509A-4A83-843B-FC553ECB7C42}.Release|Any CPU.Build.0 = Release|Any CPU
	EndGlobalSection
	GlobalSection(SolutionProperties) = preSolution
		HideSolutionNode = FALSE
	EndGlobalSection
	GlobalSection(NestedProjects) = preSolution
		{B6C91CB1-9D26-45F2-B6C7-BCB308C31A57} = {AD6F550E-2C3D-412B-ACC7-72747002F031}
		{7F1F2952-8B3E-41EA-8D37-8139C6581590} = {02EA681E-C7D8-13C7-8484-4AC65E1B71E8}
		{F640CFA9-E778-46FF-8613-B001F43E0697} = {B0EB1D5E-A466-41C0-A8D6-97AC82730C19}
		{6840AA09-637D-4951-BEC1-7EBAF88D0C32} = {B0EB1D5E-A466-41C0-A8D6-97AC82730C19}
		{D2302AB1-D914-4A6C-B917-65BBDB430762} = {B0EB1D5E-A466-41C0-A8D6-97AC82730C19}
		{EE76E95A-0612-417E-91DB-6EBFA858A7C1} = {5856A663-C623-4370-A256-AD207BFA992A}
		{CEBC7A61-981F-4B42-9824-C4B5C9D9A84B} = {5856A663-C623-4370-A256-AD207BFA992A}
		{13A7A0CC-7708-4115-8F69-73E0293BBABF} = {5856A663-C623-4370-A256-AD207BFA992A}
		{8AC43761-72E0-4EF7-81A2-03C960E55A2C} = {82C2AE2E-89E5-4F94-A440-5BDBA4F06BD9}
		{0222A8C4-AC3E-4BF0-AB66-6AD3B1956B30} = {82C2AE2E-89E5-4F94-A440-5BDBA4F06BD9}
		{B13DAD58-4B89-41A8-9AB6-52EDF8FA155F} = {82C2AE2E-89E5-4F94-A440-5BDBA4F06BD9}
		{C8260B65-51AF-45E0-9703-425B1282C34D} = {BA43203C-AA0B-43D2-9BB0-DF55F9600249}
		{E703F6FB-20B5-46F2-B0CE-481BFDCB2D94} = {BA43203C-AA0B-43D2-9BB0-DF55F9600249}
		{3864F66A-0CA2-4D50-9596-D767CED8E2A6} = {BA43203C-AA0B-43D2-9BB0-DF55F9600249}
		{6BD16703-0148-49BF-AC27-A2CBCD7CF0EE} = {1BFD58C6-F019-44EA-9636-988330CD5806}
		{AACAB4E8-F4FD-448D-9888-5E711FE0CCB2} = {1BFD58C6-F019-44EA-9636-988330CD5806}
		{B4521A62-509A-4A83-843B-FC553ECB7C42} = {1BFD58C6-F019-44EA-9636-988330CD5806}
	EndGlobalSection
	GlobalSection(ExtensibilityGlobals) = postSolution
		SolutionGuid = {2FEDFA58-DA98-465F-92A6-3FEF61EB3573}
	EndGlobalSection
EndGlobal
